// !$*UTF8*$!
{
	archiveVersion = 1;
	classes = {
	};
	objectVersion = 46;
	objects = {

/* Begin PBXBuildFile section */
		F234510C193E762400BE644C /* AppDelegate.swift in Sources */ = {isa = PBXBuildFile; fileRef = F234510B193E762400BE644C /* AppDelegate.swift */; };
		F234510E193E762400BE644C /* ViewController.swift in Sources */ = {isa = PBXBuildFile; fileRef = F234510D193E762400BE644C /* ViewController.swift */; };
		F2345111193E762400BE644C /* Main.storyboard in Resources */ = {isa = PBXBuildFile; fileRef = F234510F193E762400BE644C /* Main.storyboard */; };
		F2345113193E762400BE644C /* Images.xcassets in Resources */ = {isa = PBXBuildFile; fileRef = F2345112193E762400BE644C /* Images.xcassets */; };
		F234511F193E762400BE644C /* CumulusTests.swift in Sources */ = {isa = PBXBuildFile; fileRef = F234511E193E762400BE644C /* CumulusTests.swift */; };
/* End PBXBuildFile section */

/* Begin PBXContainerItemProxy section */
		F2345119193E762400BE644C /* PBXContainerItemProxy */ = {
			isa = PBXContainerItemProxy;
			containerPortal = F23450FE193E762400BE644C /* Project object */;
			proxyType = 1;
			remoteGlobalIDString = F2345105193E762400BE644C;
			remoteInfo = Cumulus;
		};
/* End PBXContainerItemProxy section */

/* Begin PBXFileReference section */
		F2345106193E762400BE644C /* Cumulus.app */ = {isa = PBXFileReference; explicitFileType = wrapper.application; includeInIndex = 0; path = Cumulus.app; sourceTree = BUILT_PRODUCTS_DIR; };
		F234510A193E762400BE644C /* Info.plist */ = {isa = PBXFileReference; lastKnownFileType = text.plist.xml; path = Info.plist; sourceTree = "<group>"; };
		F234510B193E762400BE644C /* AppDelegate.swift */ = {isa = PBXFileReference; lastKnownFileType = sourcecode.swift; path = AppDelegate.swift; sourceTree = "<group>"; };
		F234510D193E762400BE644C /* ViewController.swift */ = {isa = PBXFileReference; lastKnownFileType = sourcecode.swift; path = ViewController.swift; sourceTree = "<group>"; };
		F2345110193E762400BE644C /* Base */ = {isa = PBXFileReference; lastKnownFileType = file.storyboard; name = Base; path = Base.lproj/Main.storyboard; sourceTree = "<group>"; };
		F2345112193E762400BE644C /* Images.xcassets */ = {isa = PBXFileReference; lastKnownFileType = folder.assetcatalog; path = Images.xcassets; sourceTree = "<group>"; };
		F2345118193E762400BE644C /* CumulusTests.xctest */ = {isa = PBXFileReference; explicitFileType = wrapper.cfbundle; includeInIndex = 0; path = CumulusTests.xctest; sourceTree = BUILT_PRODUCTS_DIR; };
		F234511D193E762400BE644C /* Info.plist */ = {isa = PBXFileReference; lastKnownFileType = text.plist.xml; path = Info.plist; sourceTree = "<group>"; };
		F234511E193E762400BE644C /* CumulusTests.swift */ = {isa = PBXFileReference; lastKnownFileType = sourcecode.swift; path = CumulusTests.swift; sourceTree = "<group>"; };
/* End PBXFileReference section */

/* Begin PBXFrameworksBuildPhase section */
		F2345103193E762400BE644C /* Frameworks */ = {
			isa = PBXFrameworksBuildPhase;
			buildActionMask = 2147483647;
			files = (
			);
			runOnlyForDeploymentPostprocessing = 0;
		};
		F2345115193E762400BE644C /* Frameworks */ = {
			isa = PBXFrameworksBuildPhase;
			buildActionMask = 2147483647;
			files = (
			);
			runOnlyForDeploymentPostprocessing = 0;
		};
/* End PBXFrameworksBuildPhase section */

/* Begin PBXGroup section */
		F23450FD193E762400BE644C = {
			isa = PBXGroup;
			children = (
				F2345108193E762400BE644C /* Cumulus */,
				F234511B193E762400BE644C /* CumulusTests */,
				F2345107193E762400BE644C /* Products */,
			);
			sourceTree = "<group>";
		};
		F2345107193E762400BE644C /* Products */ = {
			isa = PBXGroup;
			children = (
				F2345106193E762400BE644C /* Cumulus.app */,
				F2345118193E762400BE644C /* CumulusTests.xctest */,
			);
			name = Products;
			sourceTree = "<group>";
		};
		F2345108193E762400BE644C /* Cumulus */ = {
			isa = PBXGroup;
			children = (
				F234510B193E762400BE644C /* AppDelegate.swift */,
				F234510D193E762400BE644C /* ViewController.swift */,
				F234510F193E762400BE644C /* Main.storyboard */,
				F2345112193E762400BE644C /* Images.xcassets */,
				F2345109193E762400BE644C /* Supporting Files */,
			);
			path = Cumulus;
			sourceTree = "<group>";
		};
		F2345109193E762400BE644C /* Supporting Files */ = {
			isa = PBXGroup;
			children = (
				F234510A193E762400BE644C /* Info.plist */,
			);
			name = "Supporting Files";
			sourceTree = "<group>";
		};
		F234511B193E762400BE644C /* CumulusTests */ = {
			isa = PBXGroup;
			children = (
				F234511E193E762400BE644C /* CumulusTests.swift */,
				F234511C193E762400BE644C /* Supporting Files */,
			);
			path = CumulusTests;
			sourceTree = "<group>";
		};
		F234511C193E762400BE644C /* Supporting Files */ = {
			isa = PBXGroup;
			children = (
				F234511D193E762400BE644C /* Info.plist */,
			);
			name = "Supporting Files";
			sourceTree = "<group>";
		};
/* End PBXGroup section */

/* Begin PBXNativeTarget section */
		F2345105193E762400BE644C /* Cumulus */ = {
			isa = PBXNativeTarget;
			buildConfigurationList = F2345122193E762400BE644C /* Build configuration list for PBXNativeTarget "Cumulus" */;
			buildPhases = (
				F2345102193E762400BE644C /* Sources */,
				F2345103193E762400BE644C /* Frameworks */,
				F2345104193E762400BE644C /* Resources */,
			);
			buildRules = (
			);
			dependencies = (
			);
			name = Cumulus;
			productName = Cumulus;
			productReference = F2345106193E762400BE644C /* Cumulus.app */;
			productType = "com.apple.product-type.application";
		};
		F2345117193E762400BE644C /* CumulusTests */ = {
			isa = PBXNativeTarget;
			buildConfigurationList = F2345125193E762400BE644C /* Build configuration list for PBXNativeTarget "CumulusTests" */;
			buildPhases = (
				F2345114193E762400BE644C /* Sources */,
				F2345115193E762400BE644C /* Frameworks */,
				F2345116193E762400BE644C /* Resources */,
			);
			buildRules = (
			);
			dependencies = (
				F234511A193E762400BE644C /* PBXTargetDependency */,
			);
			name = CumulusTests;
			productName = CumulusTests;
			productReference = F2345118193E762400BE644C /* CumulusTests.xctest */;
			productType = "com.apple.product-type.bundle.unit-test";
		};
/* End PBXNativeTarget section */

/* Begin PBXProject section */
		F23450FE193E762400BE644C /* Project object */ = {
			isa = PBXProject;
			attributes = {
				LastUpgradeCheck = 0600;
				ORGANIZATIONNAME = "Phillip Tennen";
				TargetAttributes = {
					F2345105193E762400BE644C = {
						CreatedOnToolsVersion = 6.0;
					};
					F2345117193E762400BE644C = {
						CreatedOnToolsVersion = 6.0;
						TestTargetID = F2345105193E762400BE644C;
					};
				};
			};
			buildConfigurationList = F2345101193E762400BE644C /* Build configuration list for PBXProject "Cumulus" */;
			compatibilityVersion = "Xcode 3.2";
			developmentRegion = English;
			hasScannedForEncodings = 0;
			knownRegions = (
				en,
				Base,
			);
			mainGroup = F23450FD193E762400BE644C;
			productRefGroup = F2345107193E762400BE644C /* Products */;
			projectDirPath = "";
			projectRoot = "";
			targets = (
				F2345105193E762400BE644C /* Cumulus */,
				F2345117193E762400BE644C /* CumulusTests */,
			);
		};
/* End PBXProject section */

/* Begin PBXResourcesBuildPhase section */
		F2345104193E762400BE644C /* Resources */ = {
			isa = PBXResourcesBuildPhase;
			buildActionMask = 2147483647;
			files = (
				F2345111193E762400BE644C /* Main.storyboard in Resources */,
				F2345113193E762400BE644C /* Images.xcassets in Resources */,
			);
			runOnlyForDeploymentPostprocessing = 0;
		};
		F2345116193E762400BE644C /* Resources */ = {
			isa = PBXResourcesBuildPhase;
			buildActionMask = 2147483647;
			files = (
			);
			runOnlyForDeploymentPostprocessing = 0;
		};
/* End PBXResourcesBuildPhase section */

/* Begin PBXSourcesBuildPhase section */
		F2345102193E762400BE644C /* Sources */ = {
			isa = PBXSourcesBuildPhase;
			buildActionMask = 2147483647;
			files = (
				F234510E193E762400BE644C /* ViewController.swift in Sources */,
				F234510C193E762400BE644C /* AppDelegate.swift in Sources */,
			);
			runOnlyForDeploymentPostprocessing = 0;
		};
		F2345114193E762400BE644C /* Sources */ = {
			isa = PBXSourcesBuildPhase;
			buildActionMask = 2147483647;
			files = (
				F234511F193E762400BE644C /* CumulusTests.swift in Sources */,
			);
			runOnlyForDeploymentPostprocessing = 0;
		};
/* End PBXSourcesBuildPhase section */

/* Begin PBXTargetDependency section */
		F234511A193E762400BE644C /* PBXTargetDependency */ = {
			isa = PBXTargetDependency;
			target = F2345105193E762400BE644C /* Cumulus */;
			targetProxy = F2345119193E762400BE644C /* PBXContainerItemProxy */;
		};
/* End PBXTargetDependency section */

/* Begin PBXVariantGroup section */
		F234510F193E762400BE644C /* Main.storyboard */ = {
			isa = PBXVariantGroup;
			children = (
				F2345110193E762400BE644C /* Base */,
			);
			name = Main.storyboard;
			sourceTree = "<group>";
		};
/* End PBXVariantGroup section */

/* Begin XCBuildConfiguration section */
		F2345120193E762400BE644C /* Debug */ = {
			isa = XCBuildConfiguration;
			buildSettings = {
				ALWAYS_SEARCH_USER_PATHS = NO;
				CLANG_CXX_LANGUAGE_STANDARD = "gnu++0x";
				CLANG_CXX_LIBRARY = "libc++";
				CLANG_ENABLE_MODULES = YES;
				CLANG_ENABLE_OBJC_ARC = YES;
				CLANG_WARN_BOOL_CONVERSION = YES;
				CLANG_WARN_CONSTANT_CONVERSION = YES;
				CLANG_WARN_DIRECT_OBJC_ISA_USAGE = YES_ERROR;
				CLANG_WARN_EMPTY_BODY = YES;
				CLANG_WARN_ENUM_CONVERSION = YES;
				CLANG_WARN_INT_CONVERSION = YES;
				CLANG_WARN_OBJC_ROOT_CLASS = YES_ERROR;
				CLANG_WARN_UNREACHABLE_CODE = YES;
				CLANG_WARN__DUPLICATE_METHOD_MATCH = YES;
				"CODE_SIGN_IDENTITY[sdk=iphoneos*]" = "iPhone Developer";
				COPY_PHASE_STRIP = NO;
				ENABLE_STRICT_OBJC_MSGSEND = YES;
				GCC_C_LANGUAGE_STANDARD = gnu99;
				GCC_DYNAMIC_NO_PIC = NO;
				GCC_OPTIMIZATION_LEVEL = 0;
				GCC_PREPROCESSOR_DEFINITIONS = (
					"DEBUG=1",
					"$(inherited)",
				);
				GCC_SYMBOLS_PRIVATE_EXTERN = NO;
				GCC_WARN_64_TO_32_BIT_CONVERSION = YES;
				GCC_WARN_ABOUT_RETURN_TYPE = YES_ERROR;
				GCC_WARN_UNDECLARED_SELECTOR = YES;
				GCC_WARN_UNINITIALIZED_AUTOS = YES_AGGRESSIVE;
				GCC_WARN_UNUSED_FUNCTION = YES;
				GCC_WARN_UNUSED_VARIABLE = YES;
				IPHONEOS_DEPLOYMENT_TARGET = 8.0;
				METAL_ENABLE_DEBUG_INFO = YES;
				ONLY_ACTIVE_ARCH = YES;
				SDKROOT = iphoneos;
				SWIFT_OPTIMIZATION_LEVEL = "-Onone";
			};
			name = Debug;
		};
		F2345121193E762400BE644C /* Release */ = {
			isa = XCBuildConfiguration;
			buildSettings = {
				ALWAYS_SEARCH_USER_PATHS = NO;
				CLANG_CXX_LANGUAGE_STANDARD = "gnu++0x";
				CLANG_CXX_LIBRARY = "libc++";
				CLANG_ENABLE_MODULES = YES;
				CLANG_ENABLE_OBJC_ARC = YES;
				CLANG_WARN_BOOL_CONVERSION = YES;
				CLANG_WARN_CONSTANT_CONVERSION = YES;
				CLANG_WARN_DIRECT_OBJC_ISA_USAGE = YES_ERROR;
				CLANG_WARN_EMPTY_BODY = YES;
				CLANG_WARN_ENUM_CONVERSION = YES;
				CLANG_WARN_INT_CONVERSION = YES;
				CLANG_WARN_OBJC_ROOT_CLASS = YES_ERROR;
				CLANG_WARN_UNREACHABLE_CODE = YES;
				CLANG_WARN__DUPLICATE_METHOD_MATCH = YES;
				"CODE_SIGN_IDENTITY[sdk=iphoneos*]" = "iPhone Developer";
				COPY_PHASE_STRIP = YES;
				ENABLE_NS_ASSERTIONS = NO;
				ENABLE_STRICT_OBJC_MSGSEND = YES;
				GCC_C_LANGUAGE_STANDARD = gnu99;
				GCC_WARN_64_TO_32_BIT_CONVERSION = YES;
				GCC_WARN_ABOUT_RETURN_TYPE = YES_ERROR;
				GCC_WARN_UNDECLARED_SELECTOR = YES;
				GCC_WARN_UNINITIALIZED_AUTOS = YES_AGGRESSIVE;
				GCC_WARN_UNUSED_FUNCTION = YES;
				GCC_WARN_UNUSED_VARIABLE = YES;
				IPHONEOS_DEPLOYMENT_TARGET = 8.0;
				METAL_ENABLE_DEBUG_INFO = NO;
				SDKROOT = iphoneos;
				VALIDATE_PRODUCT = YES;
			};
			name = Release;
		};
		F2345123193E762400BE644C /* Debug */ = {
			isa = XCBuildConfiguration;
			buildSettings = {
				ASSETCATALOG_COMPILER_APPICON_NAME = AppIcon;
				ASSETCATALOG_COMPILER_LAUNCHIMAGE_NAME = LaunchImage;
				INFOPLIST_FILE = Cumulus/Info.plist;
				LD_RUNPATH_SEARCH_PATHS = "$(inherited) @executable_path/Frameworks";
				PRODUCT_NAME = "$(TARGET_NAME)";
			};
			name = Debug;
		};
		F2345124193E762400BE644C /* Release */ = {
			isa = XCBuildConfiguration;
			buildSettings = {
				ASSETCATALOG_COMPILER_APPICON_NAME = AppIcon;
				ASSETCATALOG_COMPILER_LAUNCHIMAGE_NAME = LaunchImage;
				INFOPLIST_FILE = Cumulus/Info.plist;
				LD_RUNPATH_SEARCH_PATHS = "$(inherited) @executable_path/Frameworks";
				PRODUCT_NAME = "$(TARGET_NAME)";
			};
			name = Release;
		};
		F2345126193E762400BE644C /* Debug */ = {
			isa = XCBuildConfiguration;
			buildSettings = {
				BUNDLE_LOADER = "$(BUILT_PRODUCTS_DIR)/Cumulus.app/Cumulus";
				FRAMEWORK_SEARCH_PATHS = (
					"$(SDKROOT)/Developer/Library/Frameworks",
					"$(inherited)",
				);
				GCC_PREPROCESSOR_DEFINITIONS = (
					"DEBUG=1",
					"$(inherited)",
				);
				INFOPLIST_FILE = CumulusTests/Info.plist;
				LD_RUNPATH_SEARCH_PATHS = "$(inherited) @executable_path/Frameworks @loader_path/Frameworks";
				METAL_ENABLE_DEBUG_INFO = YES;
				PRODUCT_NAME = "$(TARGET_NAME)";
				TEST_HOST = "$(BUNDLE_LOADER)";
			};
			name = Debug;
		};
		F2345127193E762400BE644C /* Release */ = {
			isa = XCBuildConfiguration;
			buildSettings = {
				BUNDLE_LOADER = "$(BUILT_PRODUCTS_DIR)/Cumulus.app/Cumulus";
				FRAMEWORK_SEARCH_PATHS = (
					"$(SDKROOT)/Developer/Library/Frameworks",
					"$(inherited)",
				);
				INFOPLIST_FILE = CumulusTests/Info.plist;
				LD_RUNPATH_SEARCH_PATHS = "$(inherited) @executable_path/Frameworks @loader_path/Frameworks";
				METAL_ENABLE_DEBUG_INFO = NO;
				PRODUCT_NAME = "$(TARGET_NAME)";
				TEST_HOST = "$(BUNDLE_LOADER)";
			};
			name = Release;
		};
/* End XCBuildConfiguration section */

/* Begin XCConfigurationList section */
		F2345101193E762400BE644C /* Build configuration list for PBXProject "Cumulus" */ = {
			isa = XCConfigurationList;
			buildConfigurations = (
				F2345120193E762400BE644C /* Debug */,
				F2345121193E762400BE644C /* Release */,
			);
			defaultConfigurationIsVisible = 0;
			defaultConfigurationName = Release;
		};
		F2345122193E762400BE644C /* Build configuration list for PBXNativeTarget "Cumulus" */ = {
			isa = XCConfigurationList;
			buildConfigurations = (
				F2345123193E762400BE644C /* Debug */,
				F2345124193E762400BE644C /* Release */,
			);
			defaultConfigurationIsVisible = 0;
		};
		F2345125193E762400BE644C /* Build configuration list for PBXNativeTarget "CumulusTests" */ = {
			isa = XCConfigurationList;
			buildConfigurations = (
				F2345126193E762400BE644C /* Debug */,
				F2345127193E762400BE644C /* Release */,
			);
			defaultConfigurationIsVisible = 0;
		};
/* End XCConfigurationList section */
	};
	rootObject = F23450FE193E762400BE644C /* Project object */;
}
